
Microsoft Visual Studio Solution File, Format Version 12.00
# Visual Studio Version 16
VisualStudioVersion = 16.0.32802.440
MinimumVisualStudioVersion = 10.0.40219.1
Project("{8BC9CEB8-8B4A-11D0-8D11-00A0C91BC942}") = "20220928_kkw_test1", "20220928_kkw_test1\20220928_kkw_test1.vcxproj", "{FA46772A-C1D1-4C8C-B998-ECF92C936F05}"
EndProject
Global
	GlobalSection(SolutionConfigurationPlatforms) = preSolution
		Debug|x64 = Debug|x64
		Debug|x86 = Debug|x86
		Release|x64 = Release|x64
		Release|x86 = Release|x86
	EndGlobalSection
	GlobalSection(ProjectConfigurationPlatforms) = postSolution
		{FA46772A-C1D1-4C8C-B998-ECF92C936F05}.Debug|x64.ActiveCfg = Debug|x64
		{FA46772A-C1D1-4C8C-B998-ECF92C936F05}.Debug|x64.Build.0 = Debug|x64
		{FA46772A-C1D1-4C8C-B998-ECF92C936F05}.Debug|x86.ActiveCfg = Debug|Win32
		{FA46772A-C1D1-4C8C-B998-ECF92C936F05}.Debug|x86.Build.0 = Debug|Win32
		{FA46772A-C1D1-4C8C-B998-ECF92C936F05}.Release|x64.ActiveCfg = Release|x64
		{FA46772A-C1D1-4C8C-B998-ECF92C936F05}.Release|x64.Build.0 = Release|x64
		{FA46772A-C1D1-4C8C-B998-ECF92C936F05}.Release|x86.ActiveCfg = Release|Win32
		{FA46772A-C1D1-4C8C-B998-ECF92C936F05}.Release|x86.Build.0 = Release|Win32
	EndGlobalSection
	GlobalSection(SolutionProperties) = preSolution
		HideSolutionNode = FALSE
	EndGlobalSection
	GlobalSection(ExtensibilityGlobals) = postSolution
		SolutionGuid = {5EE0982F-6CC3-420F-AF4E-F0FDC8B2504C}
	EndGlobalSection
EndGlobal
